
Microsoft Visual Studio Solution File, Format Version 12.00
# Visual Studio Version 16
VisualStudioVersion = 16.0.32106.194
MinimumVisualStudioVersion = 10.0.40219.1
Project("{FAE04EC0-301F-11D3-BF4B-00C04F79EFBC}") = "ReverseAString", "ReverseAString\ReverseAString.csproj", "{23F93E50-CF9B-4A6C-A0B2-D468A05CFE1B}"
EndProject
Project("{FAE04EC0-301F-11D3-BF4B-00C04F79EFBC}") = "StackSum", "StackSum\StackSum.csproj", "{C5912F46-CD6A-4CA1-935E-04CEF858D45D}"
EndProject
Project("{FAE04EC0-301F-11D3-BF4B-00C04F79EFBC}") = "SimpleCalculator", "SimpleCalculator\SimpleCalculator.csproj", "{50E7A441-1FCB-4880-9458-6EB40482677D}"
EndProject
Project("{FAE04EC0-301F-11D3-BF4B-00C04F79EFBC}") = "MatchingBrackets", "MatchingBrackets\MatchingBrackets.csproj", "{9CF13379-3358-474F-A595-9554EDF956FF}"
EndProject
Project("{FAE04EC0-301F-11D3-BF4B-00C04F79EFBC}") = "PrintEvenNumbers", "PrintEvenNumbers\PrintEvenNumbers.csproj", "{6C037A78-2DCF-4D3D-B148-BDE9C799779D}"
EndProject
Project("{FAE04EC0-301F-11D3-BF4B-00C04F79EFBC}") = "Supermarket", "Supermarket\Supermarket.csproj", "{3045FAD2-8839-4A44-AB68-7EB787E92C73}"
EndProject
Project("{FAE04EC0-301F-11D3-BF4B-00C04F79EFBC}") = "HotPotato", "HotPotato\HotPotato.csproj", "{12F2E266-8806-45E1-8C10-0172CAE937A9}"
EndProject
Project("{FAE04EC0-301F-11D3-BF4B-00C04F79EFBC}") = "TrafficJam", "TrafficJam\TrafficJam.csproj", "{CC540C09-F878-4048-A10F-C2CE086DD561}"
EndProject
Global
	GlobalSection(SolutionConfigurationPlatforms) = preSolution
		Debug|Any CPU = Debug|Any CPU
		Release|Any CPU = Release|Any CPU
	EndGlobalSection
	GlobalSection(ProjectConfigurationPlatforms) = postSolution
		{23F93E50-CF9B-4A6C-A0B2-D468A05CFE1B}.Debug|Any CPU.ActiveCfg = Debug|Any CPU
		{23F93E50-CF9B-4A6C-A0B2-D468A05CFE1B}.Debug|Any CPU.Build.0 = Debug|Any CPU
		{23F93E50-CF9B-4A6C-A0B2-D468A05CFE1B}.Release|Any CPU.ActiveCfg = Release|Any CPU
		{23F93E50-CF9B-4A6C-A0B2-D468A05CFE1B}.Release|Any CPU.Build.0 = Release|Any CPU
		{C5912F46-CD6A-4CA1-935E-04CEF858D45D}.Debug|Any CPU.ActiveCfg = Debug|Any CPU
		{C5912F46-CD6A-4CA1-935E-04CEF858D45D}.Debug|Any CPU.Build.0 = Debug|Any CPU
		{C5912F46-CD6A-4CA1-935E-04CEF858D45D}.Release|Any CPU.ActiveCfg = Release|Any CPU
		{C5912F46-CD6A-4CA1-935E-04CEF858D45D}.Release|Any CPU.Build.0 = Release|Any CPU
		{50E7A441-1FCB-4880-9458-6EB40482677D}.Debug|Any CPU.ActiveCfg = Debug|Any CPU
		{50E7A441-1FCB-4880-9458-6EB40482677D}.Debug|Any CPU.Build.0 = Debug|Any CPU
		{50E7A441-1FCB-4880-9458-6EB40482677D}.Release|Any CPU.ActiveCfg = Release|Any CPU
		{50E7A441-1FCB-4880-9458-6EB40482677D}.Release|Any CPU.Build.0 = Release|Any CPU
		{9CF13379-3358-474F-A595-9554EDF956FF}.Debug|Any CPU.ActiveCfg = Debug|Any CPU
		{9CF13379-3358-474F-A595-9554EDF956FF}.Debug|Any CPU.Build.0 = Debug|Any CPU
		{9CF13379-3358-474F-A595-9554EDF956FF}.Release|Any CPU.ActiveCfg = Release|Any CPU
		{9CF13379-3358-474F-A595-9554EDF956FF}.Release|Any CPU.Build.0 = Release|Any CPU
		{6C037A78-2DCF-4D3D-B148-BDE9C799779D}.Debug|Any CPU.ActiveCfg = Debug|Any CPU
		{6C037A78-2DCF-4D3D-B148-BDE9C799779D}.Debug|Any CPU.Build.0 = Debug|Any CPU
		{6C037A78-2DCF-4D3D-B148-BDE9C799779D}.Release|Any CPU.ActiveCfg = Release|Any CPU
		{6C037A78-2DCF-4D3D-B148-BDE9C799779D}.Release|Any CPU.Build.0 = Release|Any CPU
		{3045FAD2-8839-4A44-AB68-7EB787E92C73}.Debug|Any CPU.ActiveCfg = Debug|Any CPU
		{3045FAD2-8839-4A44-AB68-7EB787E92C73}.Debug|Any CPU.Build.0 = Debug|Any CPU
		{3045FAD2-8839-4A44-AB68-7EB787E92C73}.Release|Any CPU.ActiveCfg = Release|Any CPU
		{3045FAD2-8839-4A44-AB68-7EB787E92C73}.Release|Any CPU.Build.0 = Release|Any CPU
		{12F2E266-8806-45E1-8C10-0172CAE937A9}.Debug|Any CPU.ActiveCfg = Debug|Any CPU
		{12F2E266-8806-45E1-8C10-0172CAE937A9}.Debug|Any CPU.Build.0 = Debug|Any CPU
		{12F2E266-8806-45E1-8C10-0172CAE937A9}.Release|Any CPU.ActiveCfg = Release|Any CPU
		{12F2E266-8806-45E1-8C10-0172CAE937A9}.Release|Any CPU.Build.0 = Release|Any CPU
		{CC540C09-F878-4048-A10F-C2CE086DD561}.Debug|Any CPU.ActiveCfg = Debug|Any CPU
		{CC540C09-F878-4048-A10F-C2CE086DD561}.Debug|Any CPU.Build.0 = Debug|Any CPU
		{CC540C09-F878-4048-A10F-C2CE086DD561}.Release|Any CPU.ActiveCfg = Release|Any CPU
		{CC540C09-F878-4048-A10F-C2CE086DD561}.Release|Any CPU.Build.0 = Release|Any CPU
	EndGlobalSection
	GlobalSection(SolutionProperties) = preSolution
		HideSolutionNode = FALSE
	EndGlobalSection
	GlobalSection(ExtensibilityGlobals) = postSolution
		SolutionGuid = {6871B2A4-E1B8-4824-923A-024D595FA0D5}
	EndGlobalSection
EndGlobal
