
Microsoft Visual Studio Solution File, Format Version 12.00
# Visual Studio Version 16
VisualStudioVersion = 16.0.32510.428
MinimumVisualStudioVersion = 10.0.40219.1
Project("{FAE04EC0-301F-11D3-BF4B-00C04F79EFBC}") = "CountSameValuesInArray", "CountSameValuesInArray\CountSameValuesInArray.csproj", "{3C7EE1C9-C336-4290-A27D-282CF7FC9DD2}"
EndProject
Project("{FAE04EC0-301F-11D3-BF4B-00C04F79EFBC}") = "AverageStudentGrades", "AverageStudentGrades\AverageStudentGrades.csproj", "{2061DD3B-74C4-4896-9AF0-BE78AC720CD1}"
EndProject
Project("{FAE04EC0-301F-11D3-BF4B-00C04F79EFBC}") = "Largest3Numbers", "Largest3Numbers\Largest3Numbers.csproj", "{899493AA-845B-4DDC-954C-6CA4A8756C6F}"
EndProject
Project("{FAE04EC0-301F-11D3-BF4B-00C04F79EFBC}") = "ProductShop", "ProductShop\ProductShop.csproj", "{4643CE71-E1EF-450C-ADB3-06A22C293D25}"
EndProject
Project("{FAE04EC0-301F-11D3-BF4B-00C04F79EFBC}") = "CitiesByContinentAndCountry", "CitiesByContinentAndCountry\CitiesByContinentAndCountry.csproj", "{81B00109-7D32-479B-AD3B-0717252CB7AD}"
EndProject
Project("{FAE04EC0-301F-11D3-BF4B-00C04F79EFBC}") = "RecordUniqueNames", "RecordUniqueNames\RecordUniqueNames.csproj", "{C72E4D5E-6D16-479F-8A06-3A975A188B65}"
EndProject
Project("{FAE04EC0-301F-11D3-BF4B-00C04F79EFBC}") = "ParkingLot", "ParkingLot\ParkingLot.csproj", "{A82BCFB1-A0FB-4111-9B9C-CBB5A1525856}"
EndProject
Project("{FAE04EC0-301F-11D3-BF4B-00C04F79EFBC}") = "SoftUniParty", "SoftUniParty\SoftUniParty.csproj", "{8E5EE9B6-1871-4E4E-A51B-02ECBC42D538}"
EndProject
Global
	GlobalSection(SolutionConfigurationPlatforms) = preSolution
		Debug|Any CPU = Debug|Any CPU
		Release|Any CPU = Release|Any CPU
	EndGlobalSection
	GlobalSection(ProjectConfigurationPlatforms) = postSolution
		{3C7EE1C9-C336-4290-A27D-282CF7FC9DD2}.Debug|Any CPU.ActiveCfg = Debug|Any CPU
		{3C7EE1C9-C336-4290-A27D-282CF7FC9DD2}.Debug|Any CPU.Build.0 = Debug|Any CPU
		{3C7EE1C9-C336-4290-A27D-282CF7FC9DD2}.Release|Any CPU.ActiveCfg = Release|Any CPU
		{3C7EE1C9-C336-4290-A27D-282CF7FC9DD2}.Release|Any CPU.Build.0 = Release|Any CPU
		{2061DD3B-74C4-4896-9AF0-BE78AC720CD1}.Debug|Any CPU.ActiveCfg = Debug|Any CPU
		{2061DD3B-74C4-4896-9AF0-BE78AC720CD1}.Debug|Any CPU.Build.0 = Debug|Any CPU
		{2061DD3B-74C4-4896-9AF0-BE78AC720CD1}.Release|Any CPU.ActiveCfg = Release|Any CPU
		{2061DD3B-74C4-4896-9AF0-BE78AC720CD1}.Release|Any CPU.Build.0 = Release|Any CPU
		{899493AA-845B-4DDC-954C-6CA4A8756C6F}.Debug|Any CPU.ActiveCfg = Debug|Any CPU
		{899493AA-845B-4DDC-954C-6CA4A8756C6F}.Debug|Any CPU.Build.0 = Debug|Any CPU
		{899493AA-845B-4DDC-954C-6CA4A8756C6F}.Release|Any CPU.ActiveCfg = Release|Any CPU
		{899493AA-845B-4DDC-954C-6CA4A8756C6F}.Release|Any CPU.Build.0 = Release|Any CPU
		{4643CE71-E1EF-450C-ADB3-06A22C293D25}.Debug|Any CPU.ActiveCfg = Debug|Any CPU
		{4643CE71-E1EF-450C-ADB3-06A22C293D25}.Debug|Any CPU.Build.0 = Debug|Any CPU
		{4643CE71-E1EF-450C-ADB3-06A22C293D25}.Release|Any CPU.ActiveCfg = Release|Any CPU
		{4643CE71-E1EF-450C-ADB3-06A22C293D25}.Release|Any CPU.Build.0 = Release|Any CPU
		{81B00109-7D32-479B-AD3B-0717252CB7AD}.Debug|Any CPU.ActiveCfg = Debug|Any CPU
		{81B00109-7D32-479B-AD3B-0717252CB7AD}.Debug|Any CPU.Build.0 = Debug|Any CPU
		{81B00109-7D32-479B-AD3B-0717252CB7AD}.Release|Any CPU.ActiveCfg = Release|Any CPU
		{81B00109-7D32-479B-AD3B-0717252CB7AD}.Release|Any CPU.Build.0 = Release|Any CPU
		{C72E4D5E-6D16-479F-8A06-3A975A188B65}.Debug|Any CPU.ActiveCfg = Debug|Any CPU
		{C72E4D5E-6D16-479F-8A06-3A975A188B65}.Debug|Any CPU.Build.0 = Debug|Any CPU
		{C72E4D5E-6D16-479F-8A06-3A975A188B65}.Release|Any CPU.ActiveCfg = Release|Any CPU
		{C72E4D5E-6D16-479F-8A06-3A975A188B65}.Release|Any CPU.Build.0 = Release|Any CPU
		{A82BCFB1-A0FB-4111-9B9C-CBB5A1525856}.Debug|Any CPU.ActiveCfg = Debug|Any CPU
		{A82BCFB1-A0FB-4111-9B9C-CBB5A1525856}.Debug|Any CPU.Build.0 = Debug|Any CPU
		{A82BCFB1-A0FB-4111-9B9C-CBB5A1525856}.Release|Any CPU.ActiveCfg = Release|Any CPU
		{A82BCFB1-A0FB-4111-9B9C-CBB5A1525856}.Release|Any CPU.Build.0 = Release|Any CPU
		{8E5EE9B6-1871-4E4E-A51B-02ECBC42D538}.Debug|Any CPU.ActiveCfg = Debug|Any CPU
		{8E5EE9B6-1871-4E4E-A51B-02ECBC42D538}.Debug|Any CPU.Build.0 = Debug|Any CPU
		{8E5EE9B6-1871-4E4E-A51B-02ECBC42D538}.Release|Any CPU.ActiveCfg = Release|Any CPU
		{8E5EE9B6-1871-4E4E-A51B-02ECBC42D538}.Release|Any CPU.Build.0 = Release|Any CPU
	EndGlobalSection
	GlobalSection(SolutionProperties) = preSolution
		HideSolutionNode = FALSE
	EndGlobalSection
	GlobalSection(ExtensibilityGlobals) = postSolution
		SolutionGuid = {464A3DC3-194D-4E46-8391-3E738B49212B}
	EndGlobalSection
EndGlobal
