
Microsoft Visual Studio Solution File, Format Version 12.00
# Visual Studio Version 16
VisualStudioVersion = 16.0.32510.428
MinimumVisualStudioVersion = 10.0.40219.1
Project("{FAE04EC0-301F-11D3-BF4B-00C04F79EFBC}") = "UniqueUsernames", "UniqueUsernames\UniqueUsernames.csproj", "{CFF3A007-1121-4421-8EB7-790678767125}"
EndProject
Project("{FAE04EC0-301F-11D3-BF4B-00C04F79EFBC}") = "SetsOfElements", "SetsOfElements\SetsOfElements.csproj", "{4ACAB3BE-2834-48C9-A3D8-5175C27BEE17}"
EndProject
Project("{FAE04EC0-301F-11D3-BF4B-00C04F79EFBC}") = "PeriodicTable", "PeriodicTable\PeriodicTable.csproj", "{D98A3DE3-5736-4CE3-8A8C-F615CCCA54C9}"
EndProject
Project("{FAE04EC0-301F-11D3-BF4B-00C04F79EFBC}") = "EvenTimes", "EvenTimes\EvenTimes.csproj", "{F4859A07-9A15-48EB-A332-1242262AC234}"
EndProject
Project("{FAE04EC0-301F-11D3-BF4B-00C04F79EFBC}") = "CountSymbols", "CountSymbols\CountSymbols.csproj", "{D5CF22DD-C70F-4B1A-BC33-3820FCD91AF5}"
EndProject
Project("{FAE04EC0-301F-11D3-BF4B-00C04F79EFBC}") = "Wardrobe", "Wardrobe\Wardrobe.csproj", "{1F114EB1-BE9A-4E31-9F05-3275586E5608}"
EndProject
Project("{FAE04EC0-301F-11D3-BF4B-00C04F79EFBC}") = "TheVLogger", "TheVLogger\TheVLogger.csproj", "{410F879C-7260-48B8-AC70-A9957DEA7778}"
EndProject
Global
	GlobalSection(SolutionConfigurationPlatforms) = preSolution
		Debug|Any CPU = Debug|Any CPU
		Release|Any CPU = Release|Any CPU
	EndGlobalSection
	GlobalSection(ProjectConfigurationPlatforms) = postSolution
		{CFF3A007-1121-4421-8EB7-790678767125}.Debug|Any CPU.ActiveCfg = Debug|Any CPU
		{CFF3A007-1121-4421-8EB7-790678767125}.Debug|Any CPU.Build.0 = Debug|Any CPU
		{CFF3A007-1121-4421-8EB7-790678767125}.Release|Any CPU.ActiveCfg = Release|Any CPU
		{CFF3A007-1121-4421-8EB7-790678767125}.Release|Any CPU.Build.0 = Release|Any CPU
		{4ACAB3BE-2834-48C9-A3D8-5175C27BEE17}.Debug|Any CPU.ActiveCfg = Debug|Any CPU
		{4ACAB3BE-2834-48C9-A3D8-5175C27BEE17}.Debug|Any CPU.Build.0 = Debug|Any CPU
		{4ACAB3BE-2834-48C9-A3D8-5175C27BEE17}.Release|Any CPU.ActiveCfg = Release|Any CPU
		{4ACAB3BE-2834-48C9-A3D8-5175C27BEE17}.Release|Any CPU.Build.0 = Release|Any CPU
		{D98A3DE3-5736-4CE3-8A8C-F615CCCA54C9}.Debug|Any CPU.ActiveCfg = Debug|Any CPU
		{D98A3DE3-5736-4CE3-8A8C-F615CCCA54C9}.Debug|Any CPU.Build.0 = Debug|Any CPU
		{D98A3DE3-5736-4CE3-8A8C-F615CCCA54C9}.Release|Any CPU.ActiveCfg = Release|Any CPU
		{D98A3DE3-5736-4CE3-8A8C-F615CCCA54C9}.Release|Any CPU.Build.0 = Release|Any CPU
		{F4859A07-9A15-48EB-A332-1242262AC234}.Debug|Any CPU.ActiveCfg = Debug|Any CPU
		{F4859A07-9A15-48EB-A332-1242262AC234}.Debug|Any CPU.Build.0 = Debug|Any CPU
		{F4859A07-9A15-48EB-A332-1242262AC234}.Release|Any CPU.ActiveCfg = Release|Any CPU
		{F4859A07-9A15-48EB-A332-1242262AC234}.Release|Any CPU.Build.0 = Release|Any CPU
		{D5CF22DD-C70F-4B1A-BC33-3820FCD91AF5}.Debug|Any CPU.ActiveCfg = Debug|Any CPU
		{D5CF22DD-C70F-4B1A-BC33-3820FCD91AF5}.Debug|Any CPU.Build.0 = Debug|Any CPU
		{D5CF22DD-C70F-4B1A-BC33-3820FCD91AF5}.Release|Any CPU.ActiveCfg = Release|Any CPU
		{D5CF22DD-C70F-4B1A-BC33-3820FCD91AF5}.Release|Any CPU.Build.0 = Release|Any CPU
		{1F114EB1-BE9A-4E31-9F05-3275586E5608}.Debug|Any CPU.ActiveCfg = Debug|Any CPU
		{1F114EB1-BE9A-4E31-9F05-3275586E5608}.Debug|Any CPU.Build.0 = Debug|Any CPU
		{1F114EB1-BE9A-4E31-9F05-3275586E5608}.Release|Any CPU.ActiveCfg = Release|Any CPU
		{1F114EB1-BE9A-4E31-9F05-3275586E5608}.Release|Any CPU.Build.0 = Release|Any CPU
		{410F879C-7260-48B8-AC70-A9957DEA7778}.Debug|Any CPU.ActiveCfg = Debug|Any CPU
		{410F879C-7260-48B8-AC70-A9957DEA7778}.Debug|Any CPU.Build.0 = Debug|Any CPU
		{410F879C-7260-48B8-AC70-A9957DEA7778}.Release|Any CPU.ActiveCfg = Release|Any CPU
		{410F879C-7260-48B8-AC70-A9957DEA7778}.Release|Any CPU.Build.0 = Release|Any CPU
	EndGlobalSection
	GlobalSection(SolutionProperties) = preSolution
		HideSolutionNode = FALSE
	EndGlobalSection
	GlobalSection(ExtensibilityGlobals) = postSolution
		SolutionGuid = {5AA5EB4F-4F00-4300-961C-FFAB33A454FC}
	EndGlobalSection
EndGlobal
