
Microsoft Visual Studio Solution File, Format Version 12.00
# Visual Studio Version 16
VisualStudioVersion = 16.0.32510.428
MinimumVisualStudioVersion = 10.0.40219.1
Project("{FAE04EC0-301F-11D3-BF4B-00C04F79EFBC}") = "SortEvenNumbers", "SortEvenNumbers\SortEvenNumbers.csproj", "{4C3E67FE-C455-49E6-93E5-09C740742A3C}"
EndProject
Project("{FAE04EC0-301F-11D3-BF4B-00C04F79EFBC}") = "SumNumbers", "SumNumbers\SumNumbers.csproj", "{E9465C9B-82A2-4AEF-BB11-17F26EDF74F5}"
EndProject
Project("{FAE04EC0-301F-11D3-BF4B-00C04F79EFBC}") = "CountUppercaseWords", "CountUppercaseWords\CountUppercaseWords.csproj", "{F736B416-4F5C-429B-BEB5-74AA4DC041A4}"
EndProject
Project("{FAE04EC0-301F-11D3-BF4B-00C04F79EFBC}") = "AddVat", "AddVat\AddVat.csproj", "{EED43ADC-FC0B-4AA6-9B51-E12909EC5286}"
EndProject
Project("{FAE04EC0-301F-11D3-BF4B-00C04F79EFBC}") = "FilterByAge", "FilterByAge\FilterByAge.csproj", "{358C1CEF-D909-4BCE-A104-8AB72BBB3F80}"
EndProject
Global
	GlobalSection(SolutionConfigurationPlatforms) = preSolution
		Debug|Any CPU = Debug|Any CPU
		Release|Any CPU = Release|Any CPU
	EndGlobalSection
	GlobalSection(ProjectConfigurationPlatforms) = postSolution
		{4C3E67FE-C455-49E6-93E5-09C740742A3C}.Debug|Any CPU.ActiveCfg = Debug|Any CPU
		{4C3E67FE-C455-49E6-93E5-09C740742A3C}.Debug|Any CPU.Build.0 = Debug|Any CPU
		{4C3E67FE-C455-49E6-93E5-09C740742A3C}.Release|Any CPU.ActiveCfg = Release|Any CPU
		{4C3E67FE-C455-49E6-93E5-09C740742A3C}.Release|Any CPU.Build.0 = Release|Any CPU
		{E9465C9B-82A2-4AEF-BB11-17F26EDF74F5}.Debug|Any CPU.ActiveCfg = Debug|Any CPU
		{E9465C9B-82A2-4AEF-BB11-17F26EDF74F5}.Debug|Any CPU.Build.0 = Debug|Any CPU
		{E9465C9B-82A2-4AEF-BB11-17F26EDF74F5}.Release|Any CPU.ActiveCfg = Release|Any CPU
		{E9465C9B-82A2-4AEF-BB11-17F26EDF74F5}.Release|Any CPU.Build.0 = Release|Any CPU
		{F736B416-4F5C-429B-BEB5-74AA4DC041A4}.Debug|Any CPU.ActiveCfg = Debug|Any CPU
		{F736B416-4F5C-429B-BEB5-74AA4DC041A4}.Debug|Any CPU.Build.0 = Debug|Any CPU
		{F736B416-4F5C-429B-BEB5-74AA4DC041A4}.Release|Any CPU.ActiveCfg = Release|Any CPU
		{F736B416-4F5C-429B-BEB5-74AA4DC041A4}.Release|Any CPU.Build.0 = Release|Any CPU
		{EED43ADC-FC0B-4AA6-9B51-E12909EC5286}.Debug|Any CPU.ActiveCfg = Debug|Any CPU
		{EED43ADC-FC0B-4AA6-9B51-E12909EC5286}.Debug|Any CPU.Build.0 = Debug|Any CPU
		{EED43ADC-FC0B-4AA6-9B51-E12909EC5286}.Release|Any CPU.ActiveCfg = Release|Any CPU
		{EED43ADC-FC0B-4AA6-9B51-E12909EC5286}.Release|Any CPU.Build.0 = Release|Any CPU
		{358C1CEF-D909-4BCE-A104-8AB72BBB3F80}.Debug|Any CPU.ActiveCfg = Debug|Any CPU
		{358C1CEF-D909-4BCE-A104-8AB72BBB3F80}.Debug|Any CPU.Build.0 = Debug|Any CPU
		{358C1CEF-D909-4BCE-A104-8AB72BBB3F80}.Release|Any CPU.ActiveCfg = Release|Any CPU
		{358C1CEF-D909-4BCE-A104-8AB72BBB3F80}.Release|Any CPU.Build.0 = Release|Any CPU
	EndGlobalSection
	GlobalSection(SolutionProperties) = preSolution
		HideSolutionNode = FALSE
	EndGlobalSection
	GlobalSection(ExtensibilityGlobals) = postSolution
		SolutionGuid = {8FA096DA-E691-4758-AE0B-592A7178A1D0}
	EndGlobalSection
EndGlobal
