
Microsoft Visual Studio Solution File, Format Version 12.00
# Visual Studio Version 16
VisualStudioVersion = 16.0.32510.428
MinimumVisualStudioVersion = 10.0.40219.1
Project("{FAE04EC0-301F-11D3-BF4B-00C04F79EFBC}") = "BoxOfT", "BoxOfT\BoxOfT.csproj", "{5F8C29F1-C8E9-41DA-AFA8-9C6130971DCB}"
EndProject
Project("{FAE04EC0-301F-11D3-BF4B-00C04F79EFBC}") = "GenericArrayCreator", "GenericArrayCreator\GenericArrayCreator.csproj", "{F83596DE-D5D6-4FF4-AB4D-EA39D509DF02}"
EndProject
Project("{FAE04EC0-301F-11D3-BF4B-00C04F79EFBC}") = "GenericScale", "GenericScale\GenericScale.csproj", "{B1B6CEA3-A795-4643-B7B5-C0F545DFEDE5}"
EndProject
Global
	GlobalSection(SolutionConfigurationPlatforms) = preSolution
		Debug|Any CPU = Debug|Any CPU
		Release|Any CPU = Release|Any CPU
	EndGlobalSection
	GlobalSection(ProjectConfigurationPlatforms) = postSolution
		{5F8C29F1-C8E9-41DA-AFA8-9C6130971DCB}.Debug|Any CPU.ActiveCfg = Debug|Any CPU
		{5F8C29F1-C8E9-41DA-AFA8-9C6130971DCB}.Debug|Any CPU.Build.0 = Debug|Any CPU
		{5F8C29F1-C8E9-41DA-AFA8-9C6130971DCB}.Release|Any CPU.ActiveCfg = Release|Any CPU
		{5F8C29F1-C8E9-41DA-AFA8-9C6130971DCB}.Release|Any CPU.Build.0 = Release|Any CPU
		{F83596DE-D5D6-4FF4-AB4D-EA39D509DF02}.Debug|Any CPU.ActiveCfg = Debug|Any CPU
		{F83596DE-D5D6-4FF4-AB4D-EA39D509DF02}.Debug|Any CPU.Build.0 = Debug|Any CPU
		{F83596DE-D5D6-4FF4-AB4D-EA39D509DF02}.Release|Any CPU.ActiveCfg = Release|Any CPU
		{F83596DE-D5D6-4FF4-AB4D-EA39D509DF02}.Release|Any CPU.Build.0 = Release|Any CPU
		{B1B6CEA3-A795-4643-B7B5-C0F545DFEDE5}.Debug|Any CPU.ActiveCfg = Debug|Any CPU
		{B1B6CEA3-A795-4643-B7B5-C0F545DFEDE5}.Debug|Any CPU.Build.0 = Debug|Any CPU
		{B1B6CEA3-A795-4643-B7B5-C0F545DFEDE5}.Release|Any CPU.ActiveCfg = Release|Any CPU
		{B1B6CEA3-A795-4643-B7B5-C0F545DFEDE5}.Release|Any CPU.Build.0 = Release|Any CPU
	EndGlobalSection
	GlobalSection(SolutionProperties) = preSolution
		HideSolutionNode = FALSE
	EndGlobalSection
	GlobalSection(ExtensibilityGlobals) = postSolution
		SolutionGuid = {554FBC9C-03A3-4691-A7FE-6B9E0E08F6A7}
	EndGlobalSection
EndGlobal
